{
  "nodes": {
    "flake-utils": {
      "inputs": {
        "systems": "systems"
      },
      "locked": {
        "lastModified": 1681202837,
        "narHash": "sha256-H+Rh19JDwRtpVPAWp64F+rlEtxUWBAQW28eAi3SRSzg=",
        "owner": "numtide",
        "repo": "flake-utils",
        "rev": "cfacdce06f30d2b68473a46042957675eebb3401",
        "type": "github"
      },
      "original": {
        "owner": "numtide",
        "repo": "flake-utils",
        "type": "github"
      }
    },
    "flake-utils-plus": {
      "inputs": {
        "flake-utils": [
          "xddxdd",
          "flake-utils"
        ]
      },
      "locked": {
        "lastModified": 1657226504,
        "narHash": "sha256-GIYNjuq4mJlFgqKsZ+YrgzWm0IpA4axA3MCrdKYj7gs=",
        "owner": "gytis-ivaskevicius",
        "repo": "flake-utils-plus",
        "rev": "2bf0f91643c2e5ae38c1b26893ac2927ac9bd82a",
        "type": "github"
      },
      "original": {
        "owner": "gytis-ivaskevicius",
        "repo": "flake-utils-plus",
        "type": "github"
      }
    },
    "nixpkgs": {
      "locked": {
        "lastModified": 1683014792,
        "narHash": "sha256-6Va9iVtmmsw4raBc3QKvQT2KT/NGRWlvUlJj46zN8B8=",
        "owner": "NixOS",
        "repo": "nixpkgs",
        "rev": "1a411f23ba299db155a5b45d5e145b85a7aafc42",
        "type": "github"
      },
      "original": {
        "owner": "NixOS",
        "ref": "nixos-unstable",
        "repo": "nixpkgs",
        "type": "github"
      }
    },
    "root": {
      "inputs": {
        "nixpkgs": "nixpkgs",
        "xddxdd": "xddxdd"
      }
    },
    "systems": {
      "locked": {
        "lastModified": 1681028828,
        "narHash": "sha256-Vy1rq5AaRuLzOxct8nz4T6wlgyUR7zLU309k9mBC768=",
        "owner": "nix-systems",
        "repo": "default",
        "rev": "da67096a3b9bf56a91d16901293e51ba5b49a27e",
        "type": "github"
      },
      "original": {
        "owner": "nix-systems",
        "repo": "default",
        "type": "github"
      }
    },
    "xddxdd": {
      "inputs": {
        "flake-utils": "flake-utils",
        "flake-utils-plus": "flake-utils-plus",
        "nixpkgs": [
          "nixpkgs"
        ]
      },
      "locked": {
        "lastModified": 1682825891,
        "narHash": "sha256-HhRp/vEO2nAbiNAp7/fLFPRx5jTNMm+hCvsu7sGw47k=",
        "owner": "xddxdd",
        "repo": "nur-packages",
        "rev": "6dc52c1b8123a002c8d4fd7070d7eca888b399b0",
        "type": "github"
      },
      "original": {
        "owner": "xddxdd",
        "repo": "nur-packages",
        "type": "github"
      }
    }
  },
  "root": "root",
  "version": 7
}
